
Microsoft Visual Studio Solution File, Format Version 12.00
# Visual Studio Version 16
VisualStudioVersion = 16.0.28917.181
MinimumVisualStudioVersion = 10.0.40219.1
Project("{8BC9CEB8-8B4A-11D0-8D11-00A0C91BC942}") = "ProjectTest", "ProjectTest\ProjectTest.vcxproj", "{084D5412-5A3A-40CC-B03A-8DA210FFE0D3}"
	ProjectSection(ProjectDependencies) = postProject
		{4668B8ED-A32E-4279-977E-C65EB1DFB51B} = {4668B8ED-A32E-4279-977E-C65EB1DFB51B}
	EndProjectSection
EndProject
Project("{8BC9CEB8-8B4A-11D0-8D11-00A0C91BC942}") = "ImageTraversal", "ImageTraversal\ImageTraversal.vcxproj", "{4668B8ED-A32E-4279-977E-C65EB1DFB51B}"
EndProject
Project("{8BC9CEB8-8B4A-11D0-8D11-00A0C91BC942}") = "OpenCV_Template", "OpenCV_Template\OpenCV_Template.vcxproj", "{516D8BBC-A15E-4E89-922F-463A4B6BCEE1}"
EndProject
Project("{8BC9CEB8-8B4A-11D0-8D11-00A0C91BC942}") = "MedianFilter", "MedianFilter\MedianFilter.vcxproj", "{A55E5FBE-B70E-4361-B55A-B0AC43CD4A1C}"
EndProject
Project("{8BC9CEB8-8B4A-11D0-8D11-00A0C91BC942}") = "MeanFilter", "MeanFilter\MeanFilter.vcxproj", "{AAE3167C-B18D-429C-A4AC-6E0DF3FB1AF8}"
EndProject
Project("{8BC9CEB8-8B4A-11D0-8D11-00A0C91BC942}") = "肤色检测", "肤色检测\肤色检测.vcxproj", "{A613FFE6-BADE-4567-8349-0E3FBFA814E3}"
EndProject
Project("{8BC9CEB8-8B4A-11D0-8D11-00A0C91BC942}") = "HistogramEqualization", "HistogramEqualization\HistogramEqualization.vcxproj", "{99861F5A-3928-4D8B-80BA-97C14A9FBE9C}"
EndProject
Project("{8BC9CEB8-8B4A-11D0-8D11-00A0C91BC942}") = "大津法OSTU", "大津法OSTU\大津法OSTU.vcxproj", "{A0798EC5-72A8-4461-902E-C6B47E8A3C9A}"
EndProject
Project("{8BC9CEB8-8B4A-11D0-8D11-00A0C91BC942}") = "分水岭算法应用", "分水岭算法应用\分水岭算法应用.vcxproj", "{50BF35DB-215C-43B2-BCEB-210E1E37C7C1}"
EndProject
Project("{8BC9CEB8-8B4A-11D0-8D11-00A0C91BC942}") = "HeapSort", "HeapSort\HeapSort.vcxproj", "{EE1C0D02-B334-440A-8735-5EAC38AE99D7}"
EndProject
Global
	GlobalSection(SolutionConfigurationPlatforms) = preSolution
		Debug|x64 = Debug|x64
		Debug|x86 = Debug|x86
		Release|x64 = Release|x64
		Release|x86 = Release|x86
	EndGlobalSection
	GlobalSection(ProjectConfigurationPlatforms) = postSolution
		{084D5412-5A3A-40CC-B03A-8DA210FFE0D3}.Debug|x64.ActiveCfg = Debug|x64
		{084D5412-5A3A-40CC-B03A-8DA210FFE0D3}.Debug|x64.Build.0 = Debug|x64
		{084D5412-5A3A-40CC-B03A-8DA210FFE0D3}.Debug|x86.ActiveCfg = Debug|Win32
		{084D5412-5A3A-40CC-B03A-8DA210FFE0D3}.Debug|x86.Build.0 = Debug|Win32
		{084D5412-5A3A-40CC-B03A-8DA210FFE0D3}.Release|x64.ActiveCfg = Release|x64
		{084D5412-5A3A-40CC-B03A-8DA210FFE0D3}.Release|x64.Build.0 = Release|x64
		{084D5412-5A3A-40CC-B03A-8DA210FFE0D3}.Release|x86.ActiveCfg = Release|Win32
		{084D5412-5A3A-40CC-B03A-8DA210FFE0D3}.Release|x86.Build.0 = Release|Win32
		{4668B8ED-A32E-4279-977E-C65EB1DFB51B}.Debug|x64.ActiveCfg = Debug|x64
		{4668B8ED-A32E-4279-977E-C65EB1DFB51B}.Debug|x64.Build.0 = Debug|x64
		{4668B8ED-A32E-4279-977E-C65EB1DFB51B}.Debug|x86.ActiveCfg = Debug|Win32
		{4668B8ED-A32E-4279-977E-C65EB1DFB51B}.Debug|x86.Build.0 = Debug|Win32
		{4668B8ED-A32E-4279-977E-C65EB1DFB51B}.Release|x64.ActiveCfg = Release|x64
		{4668B8ED-A32E-4279-977E-C65EB1DFB51B}.Release|x64.Build.0 = Release|x64
		{4668B8ED-A32E-4279-977E-C65EB1DFB51B}.Release|x86.ActiveCfg = Release|Win32
		{4668B8ED-A32E-4279-977E-C65EB1DFB51B}.Release|x86.Build.0 = Release|Win32
		{516D8BBC-A15E-4E89-922F-463A4B6BCEE1}.Debug|x64.ActiveCfg = Debug|x64
		{516D8BBC-A15E-4E89-922F-463A4B6BCEE1}.Debug|x64.Build.0 = Debug|x64
		{516D8BBC-A15E-4E89-922F-463A4B6BCEE1}.Debug|x86.ActiveCfg = Debug|Win32
		{516D8BBC-A15E-4E89-922F-463A4B6BCEE1}.Debug|x86.Build.0 = Debug|Win32
		{516D8BBC-A15E-4E89-922F-463A4B6BCEE1}.Release|x64.ActiveCfg = Release|x64
		{516D8BBC-A15E-4E89-922F-463A4B6BCEE1}.Release|x64.Build.0 = Release|x64
		{516D8BBC-A15E-4E89-922F-463A4B6BCEE1}.Release|x86.ActiveCfg = Release|Win32
		{516D8BBC-A15E-4E89-922F-463A4B6BCEE1}.Release|x86.Build.0 = Release|Win32
		{A55E5FBE-B70E-4361-B55A-B0AC43CD4A1C}.Debug|x64.ActiveCfg = Debug|x64
		{A55E5FBE-B70E-4361-B55A-B0AC43CD4A1C}.Debug|x64.Build.0 = Debug|x64
		{A55E5FBE-B70E-4361-B55A-B0AC43CD4A1C}.Debug|x86.ActiveCfg = Debug|Win32
		{A55E5FBE-B70E-4361-B55A-B0AC43CD4A1C}.Debug|x86.Build.0 = Debug|Win32
		{A55E5FBE-B70E-4361-B55A-B0AC43CD4A1C}.Release|x64.ActiveCfg = Release|x64
		{A55E5FBE-B70E-4361-B55A-B0AC43CD4A1C}.Release|x64.Build.0 = Release|x64
		{A55E5FBE-B70E-4361-B55A-B0AC43CD4A1C}.Release|x86.ActiveCfg = Release|Win32
		{A55E5FBE-B70E-4361-B55A-B0AC43CD4A1C}.Release|x86.Build.0 = Release|Win32
		{AAE3167C-B18D-429C-A4AC-6E0DF3FB1AF8}.Debug|x64.ActiveCfg = Debug|x64
		{AAE3167C-B18D-429C-A4AC-6E0DF3FB1AF8}.Debug|x64.Build.0 = Debug|x64
		{AAE3167C-B18D-429C-A4AC-6E0DF3FB1AF8}.Debug|x86.ActiveCfg = Debug|Win32
		{AAE3167C-B18D-429C-A4AC-6E0DF3FB1AF8}.Debug|x86.Build.0 = Debug|Win32
		{AAE3167C-B18D-429C-A4AC-6E0DF3FB1AF8}.Release|x64.ActiveCfg = Release|x64
		{AAE3167C-B18D-429C-A4AC-6E0DF3FB1AF8}.Release|x64.Build.0 = Release|x64
		{AAE3167C-B18D-429C-A4AC-6E0DF3FB1AF8}.Release|x86.ActiveCfg = Release|Win32
		{AAE3167C-B18D-429C-A4AC-6E0DF3FB1AF8}.Release|x86.Build.0 = Release|Win32
		{A613FFE6-BADE-4567-8349-0E3FBFA814E3}.Debug|x64.ActiveCfg = Debug|x64
		{A613FFE6-BADE-4567-8349-0E3FBFA814E3}.Debug|x64.Build.0 = Debug|x64
		{A613FFE6-BADE-4567-8349-0E3FBFA814E3}.Debug|x86.ActiveCfg = Debug|Win32
		{A613FFE6-BADE-4567-8349-0E3FBFA814E3}.Debug|x86.Build.0 = Debug|Win32
		{A613FFE6-BADE-4567-8349-0E3FBFA814E3}.Release|x64.ActiveCfg = Release|x64
		{A613FFE6-BADE-4567-8349-0E3FBFA814E3}.Release|x64.Build.0 = Release|x64
		{A613FFE6-BADE-4567-8349-0E3FBFA814E3}.Release|x86.ActiveCfg = Release|Win32
		{A613FFE6-BADE-4567-8349-0E3FBFA814E3}.Release|x86.Build.0 = Release|Win32
		{99861F5A-3928-4D8B-80BA-97C14A9FBE9C}.Debug|x64.ActiveCfg = Debug|x64
		{99861F5A-3928-4D8B-80BA-97C14A9FBE9C}.Debug|x64.Build.0 = Debug|x64
		{99861F5A-3928-4D8B-80BA-97C14A9FBE9C}.Debug|x86.ActiveCfg = Debug|Win32
		{99861F5A-3928-4D8B-80BA-97C14A9FBE9C}.Debug|x86.Build.0 = Debug|Win32
		{99861F5A-3928-4D8B-80BA-97C14A9FBE9C}.Release|x64.ActiveCfg = Release|x64
		{99861F5A-3928-4D8B-80BA-97C14A9FBE9C}.Release|x64.Build.0 = Release|x64
		{99861F5A-3928-4D8B-80BA-97C14A9FBE9C}.Release|x86.ActiveCfg = Release|Win32
		{99861F5A-3928-4D8B-80BA-97C14A9FBE9C}.Release|x86.Build.0 = Release|Win32
		{A0798EC5-72A8-4461-902E-C6B47E8A3C9A}.Debug|x64.ActiveCfg = Debug|x64
		{A0798EC5-72A8-4461-902E-C6B47E8A3C9A}.Debug|x64.Build.0 = Debug|x64
		{A0798EC5-72A8-4461-902E-C6B47E8A3C9A}.Debug|x86.ActiveCfg = Debug|Win32
		{A0798EC5-72A8-4461-902E-C6B47E8A3C9A}.Debug|x86.Build.0 = Debug|Win32
		{A0798EC5-72A8-4461-902E-C6B47E8A3C9A}.Release|x64.ActiveCfg = Release|x64
		{A0798EC5-72A8-4461-902E-C6B47E8A3C9A}.Release|x64.Build.0 = Release|x64
		{A0798EC5-72A8-4461-902E-C6B47E8A3C9A}.Release|x86.ActiveCfg = Release|Win32
		{A0798EC5-72A8-4461-902E-C6B47E8A3C9A}.Release|x86.Build.0 = Release|Win32
		{50BF35DB-215C-43B2-BCEB-210E1E37C7C1}.Debug|x64.ActiveCfg = Debug|x64
		{50BF35DB-215C-43B2-BCEB-210E1E37C7C1}.Debug|x64.Build.0 = Debug|x64
		{50BF35DB-215C-43B2-BCEB-210E1E37C7C1}.Debug|x86.ActiveCfg = Debug|Win32
		{50BF35DB-215C-43B2-BCEB-210E1E37C7C1}.Debug|x86.Build.0 = Debug|Win32
		{50BF35DB-215C-43B2-BCEB-210E1E37C7C1}.Release|x64.ActiveCfg = Release|x64
		{50BF35DB-215C-43B2-BCEB-210E1E37C7C1}.Release|x64.Build.0 = Release|x64
		{50BF35DB-215C-43B2-BCEB-210E1E37C7C1}.Release|x86.ActiveCfg = Release|Win32
		{50BF35DB-215C-43B2-BCEB-210E1E37C7C1}.Release|x86.Build.0 = Release|Win32
		{EE1C0D02-B334-440A-8735-5EAC38AE99D7}.Debug|x64.ActiveCfg = Debug|x64
		{EE1C0D02-B334-440A-8735-5EAC38AE99D7}.Debug|x64.Build.0 = Debug|x64
		{EE1C0D02-B334-440A-8735-5EAC38AE99D7}.Debug|x86.ActiveCfg = Debug|Win32
		{EE1C0D02-B334-440A-8735-5EAC38AE99D7}.Debug|x86.Build.0 = Debug|Win32
		{EE1C0D02-B334-440A-8735-5EAC38AE99D7}.Release|x64.ActiveCfg = Release|x64
		{EE1C0D02-B334-440A-8735-5EAC38AE99D7}.Release|x64.Build.0 = Release|x64
		{EE1C0D02-B334-440A-8735-5EAC38AE99D7}.Release|x86.ActiveCfg = Release|Win32
		{EE1C0D02-B334-440A-8735-5EAC38AE99D7}.Release|x86.Build.0 = Release|Win32
	EndGlobalSection
	GlobalSection(SolutionProperties) = preSolution
		HideSolutionNode = FALSE
	EndGlobalSection
	GlobalSection(ExtensibilityGlobals) = postSolution
		SolutionGuid = {DC84981F-8933-48B3-9C9C-BDF428018AE9}
	EndGlobalSection
EndGlobal
